// !$*UTF8*$!
{
	archiveVersion = 1;
	classes = {
	};
	objectVersion = 55;
	objects = {

/* Begin PBXBuildFile section */
		EA59CA5E27D1D2A2004D24CB /* Tests_iOS.swift in Sources */ = {isa = PBXBuildFile; fileRef = EA59CA5D27D1D2A2004D24CB /* Tests_iOS.swift */; };
		EA59CA6027D1D2A2004D24CB /* Tests_iOSLaunchTests.swift in Sources */ = {isa = PBXBuildFile; fileRef = EA59CA5F27D1D2A2004D24CB /* Tests_iOSLaunchTests.swift */; };
		EA59CA6A27D1D2A2004D24CB /* Tests_macOS.swift in Sources */ = {isa = PBXBuildFile; fileRef = EA59CA6927D1D2A2004D24CB /* Tests_macOS.swift */; };
		EA59CA6C27D1D2A2004D24CB /* Tests_macOSLaunchTests.swift in Sources */ = {isa = PBXBuildFile; fileRef = EA59CA6B27D1D2A2004D24CB /* Tests_macOSLaunchTests.swift */; };
		EA59CA6D27D1D2A2004D24CB /* StateNadoApp.swift in Sources */ = {isa = PBXBuildFile; fileRef = EA59CA4527D1D29F004D24CB /* StateNadoApp.swift */; };
		EA59CA6E27D1D2A2004D24CB /* StateNadoApp.swift in Sources */ = {isa = PBXBuildFile; fileRef = EA59CA4527D1D29F004D24CB /* StateNadoApp.swift */; };
		EA59CA6F27D1D2A2004D24CB /* ContentView.swift in Sources */ = {isa = PBXBuildFile; fileRef = EA59CA4627D1D29F004D24CB /* ContentView.swift */; };
		EA59CA7027D1D2A2004D24CB /* ContentView.swift in Sources */ = {isa = PBXBuildFile; fileRef = EA59CA4627D1D29F004D24CB /* ContentView.swift */; };
		EA59CA7127D1D2A2004D24CB /* Assets.xcassets in Resources */ = {isa = PBXBuildFile; fileRef = EA59CA4727D1D2A2004D24CB /* Assets.xcassets */; };
		EA59CA7227D1D2A2004D24CB /* Assets.xcassets in Resources */ = {isa = PBXBuildFile; fileRef = EA59CA4727D1D2A2004D24CB /* Assets.xcassets */; };
		EA59CA8227D427EE004D24CB /* Parameter.swift in Sources */ = {isa = PBXBuildFile; fileRef = EA59CA8127D427EE004D24CB /* Parameter.swift */; };
		EA59CA8327D427EE004D24CB /* Parameter.swift in Sources */ = {isa = PBXBuildFile; fileRef = EA59CA8127D427EE004D24CB /* Parameter.swift */; };
		EA59CA8527D42814004D24CB /* SwiftUIView.swift in Sources */ = {isa = PBXBuildFile; fileRef = EA59CA8427D42814004D24CB /* SwiftUIView.swift */; };
		EA59CA8627D42814004D24CB /* SwiftUIView.swift in Sources */ = {isa = PBXBuildFile; fileRef = EA59CA8427D42814004D24CB /* SwiftUIView.swift */; };
/* End PBXBuildFile section */

/* Begin PBXContainerItemProxy section */
		EA59CA5A27D1D2A2004D24CB /* PBXContainerItemProxy */ = {
			isa = PBXContainerItemProxy;
			containerPortal = EA59CA4027D1D29F004D24CB /* Project object */;
			proxyType = 1;
			remoteGlobalIDString = EA59CA4B27D1D2A2004D24CB;
			remoteInfo = "StateNado (iOS)";
		};
		EA59CA6627D1D2A2004D24CB /* PBXContainerItemProxy */ = {
			isa = PBXContainerItemProxy;
			containerPortal = EA59CA4027D1D29F004D24CB /* Project object */;
			proxyType = 1;
			remoteGlobalIDString = EA59CA5127D1D2A2004D24CB;
			remoteInfo = "StateNado (macOS)";
		};
/* End PBXContainerItemProxy section */

/* Begin PBXFileReference section */
		EA59CA4527D1D29F004D24CB /* StateNadoApp.swift */ = {isa = PBXFileReference; lastKnownFileType = sourcecode.swift; path = StateNadoApp.swift; sourceTree = "<group>"; };
		EA59CA4627D1D29F004D24CB /* ContentView.swift */ = {isa = PBXFileReference; lastKnownFileType = sourcecode.swift; path = ContentView.swift; sourceTree = "<group>"; };
		EA59CA4727D1D2A2004D24CB /* Assets.xcassets */ = {isa = PBXFileReference; lastKnownFileType = folder.assetcatalog; path = Assets.xcassets; sourceTree = "<group>"; };
		EA59CA4C27D1D2A2004D24CB /* StateNado.app */ = {isa = PBXFileReference; explicitFileType = wrapper.application; includeInIndex = 0; path = StateNado.app; sourceTree = BUILT_PRODUCTS_DIR; };
		EA59CA5227D1D2A2004D24CB /* StateNado.app */ = {isa = PBXFileReference; explicitFileType = wrapper.application; includeInIndex = 0; path = StateNado.app; sourceTree = BUILT_PRODUCTS_DIR; };
		EA59CA5427D1D2A2004D24CB /* macOS.entitlements */ = {isa = PBXFileReference; lastKnownFileType = text.plist.entitlements; path = macOS.entitlements; sourceTree = "<group>"; };
		EA59CA5927D1D2A2004D24CB /* Tests iOS.xctest */ = {isa = PBXFileReference; explicitFileType = wrapper.cfbundle; includeInIndex = 0; path = "Tests iOS.xctest"; sourceTree = BUILT_PRODUCTS_DIR; };
		EA59CA5D27D1D2A2004D24CB /* Tests_iOS.swift */ = {isa = PBXFileReference; lastKnownFileType = sourcecode.swift; path = Tests_iOS.swift; sourceTree = "<group>"; };
		EA59CA5F27D1D2A2004D24CB /* Tests_iOSLaunchTests.swift */ = {isa = PBXFileReference; lastKnownFileType = sourcecode.swift; path = Tests_iOSLaunchTests.swift; sourceTree = "<group>"; };
		EA59CA6527D1D2A2004D24CB /* Tests macOS.xctest */ = {isa = PBXFileReference; explicitFileType = wrapper.cfbundle; includeInIndex = 0; path = "Tests macOS.xctest"; sourceTree = BUILT_PRODUCTS_DIR; };
		EA59CA6927D1D2A2004D24CB /* Tests_macOS.swift */ = {isa = PBXFileReference; lastKnownFileType = sourcecode.swift; path = Tests_macOS.swift; sourceTree = "<group>"; };
		EA59CA6B27D1D2A2004D24CB /* Tests_macOSLaunchTests.swift */ = {isa = PBXFileReference; lastKnownFileType = sourcecode.swift; path = Tests_macOSLaunchTests.swift; sourceTree = "<group>"; };
		EA59CA8127D427EE004D24CB /* Parameter.swift */ = {isa = PBXFileReference; lastKnownFileType = sourcecode.swift; path = Parameter.swift; sourceTree = "<group>"; };
		EA59CA8427D42814004D24CB /* SwiftUIView.swift */ = {isa = PBXFileReference; lastKnownFileType = sourcecode.swift; path = SwiftUIView.swift; sourceTree = "<group>"; };
/* End PBXFileReference section */

/* Begin PBXFrameworksBuildPhase section */
		EA59CA4927D1D2A2004D24CB /* Frameworks */ = {
			isa = PBXFrameworksBuildPhase;
			buildActionMask = 2147483647;
			files = (
			);
			runOnlyForDeploymentPostprocessing = 0;
		};
		EA59CA4F27D1D2A2004D24CB /* Frameworks */ = {
			isa = PBXFrameworksBuildPhase;
			buildActionMask = 2147483647;
			files = (
			);
			runOnlyForDeploymentPostprocessing = 0;
		};
		EA59CA5627D1D2A2004D24CB /* Frameworks */ = {
			isa = PBXFrameworksBuildPhase;
			buildActionMask = 2147483647;
			files = (
			);
			runOnlyForDeploymentPostprocessing = 0;
		};
		EA59CA6227D1D2A2004D24CB /* Frameworks */ = {
			isa = PBXFrameworksBuildPhase;
			buildActionMask = 2147483647;
			files = (
			);
			runOnlyForDeploymentPostprocessing = 0;
		};
/* End PBXFrameworksBuildPhase section */

/* Begin PBXGroup section */
		EA59CA3F27D1D29F004D24CB = {
			isa = PBXGroup;
			children = (
				EA59CA4427D1D29F004D24CB /* Shared */,
				EA59CA5327D1D2A2004D24CB /* macOS */,
				EA59CA5C27D1D2A2004D24CB /* Tests iOS */,
				EA59CA6827D1D2A2004D24CB /* Tests macOS */,
				EA59CA4D27D1D2A2004D24CB /* Products */,
			);
			sourceTree = "<group>";
		};
		EA59CA4427D1D29F004D24CB /* Shared */ = {
			isa = PBXGroup;
			children = (
				EA59CA4527D1D29F004D24CB /* StateNadoApp.swift */,
				EA59CA4627D1D29F004D24CB /* ContentView.swift */,
				EA59CA8127D427EE004D24CB /* Parameter.swift */,
				EA59CA8427D42814004D24CB /* SwiftUIView.swift */,
				EA59CA4727D1D2A2004D24CB /* Assets.xcassets */,
			);
			path = Shared;
			sourceTree = "<group>";
		};
		EA59CA4D27D1D2A2004D24CB /* Products */ = {
			isa = PBXGroup;
			children = (
				EA59CA4C27D1D2A2004D24CB /* StateNado.app */,
				EA59CA5227D1D2A2004D24CB /* StateNado.app */,
				EA59CA5927D1D2A2004D24CB /* Tests iOS.xctest */,
				EA59CA6527D1D2A2004D24CB /* Tests macOS.xctest */,
			);
			name = Products;
			sourceTree = "<group>";
		};
		EA59CA5327D1D2A2004D24CB /* macOS */ = {
			isa = PBXGroup;
			children = (
				EA59CA5427D1D2A2004D24CB /* macOS.entitlements */,
			);
			path = macOS;
			sourceTree = "<group>";
		};
		EA59CA5C27D1D2A2004D24CB /* Tests iOS */ = {
			isa = PBXGroup;
			children = (
				EA59CA5D27D1D2A2004D24CB /* Tests_iOS.swift */,
				EA59CA5F27D1D2A2004D24CB /* Tests_iOSLaunchTests.swift */,
			);
			path = "Tests iOS";
			sourceTree = "<group>";
		};
		EA59CA6827D1D2A2004D24CB /* Tests macOS */ = {
			isa = PBXGroup;
			children = (
				EA59CA6927D1D2A2004D24CB /* Tests_macOS.swift */,
				EA59CA6B27D1D2A2004D24CB /* Tests_macOSLaunchTests.swift */,
			);
			path = "Tests macOS";
			sourceTree = "<group>";
		};
/* End PBXGroup section */

/* Begin PBXNativeTarget section */
		EA59CA4B27D1D2A2004D24CB /* StateNado (iOS) */ = {
			isa = PBXNativeTarget;
			buildConfigurationList = EA59CA7527D1D2A2004D24CB /* Build configuration list for PBXNativeTarget "StateNado (iOS)" */;
			buildPhases = (
				EA59CA4827D1D2A2004D24CB /* Sources */,
				EA59CA4927D1D2A2004D24CB /* Frameworks */,
				EA59CA4A27D1D2A2004D24CB /* Resources */,
			);
			buildRules = (
			);
			dependencies = (
			);
			name = "StateNado (iOS)";
			productName = "StateNado (iOS)";
			productReference = EA59CA4C27D1D2A2004D24CB /* StateNado.app */;
			productType = "com.apple.product-type.application";
		};
		EA59CA5127D1D2A2004D24CB /* StateNado (macOS) */ = {
			isa = PBXNativeTarget;
			buildConfigurationList = EA59CA7827D1D2A2004D24CB /* Build configuration list for PBXNativeTarget "StateNado (macOS)" */;
			buildPhases = (
				EA59CA4E27D1D2A2004D24CB /* Sources */,
				EA59CA4F27D1D2A2004D24CB /* Frameworks */,
				EA59CA5027D1D2A2004D24CB /* Resources */,
			);
			buildRules = (
			);
			dependencies = (
			);
			name = "StateNado (macOS)";
			productName = "StateNado (macOS)";
			productReference = EA59CA5227D1D2A2004D24CB /* StateNado.app */;
			productType = "com.apple.product-type.application";
		};
		EA59CA5827D1D2A2004D24CB /* Tests iOS */ = {
			isa = PBXNativeTarget;
			buildConfigurationList = EA59CA7B27D1D2A2004D24CB /* Build configuration list for PBXNativeTarget "Tests iOS" */;
			buildPhases = (
				EA59CA5527D1D2A2004D24CB /* Sources */,
				EA59CA5627D1D2A2004D24CB /* Frameworks */,
				EA59CA5727D1D2A2004D24CB /* Resources */,
			);
			buildRules = (
			);
			dependencies = (
				EA59CA5B27D1D2A2004D24CB /* PBXTargetDependency */,
			);
			name = "Tests iOS";
			productName = "Tests iOS";
			productReference = EA59CA5927D1D2A2004D24CB /* Tests iOS.xctest */;
			productType = "com.apple.product-type.bundle.ui-testing";
		};
		EA59CA6427D1D2A2004D24CB /* Tests macOS */ = {
			isa = PBXNativeTarget;
			buildConfigurationList = EA59CA7E27D1D2A2004D24CB /* Build configuration list for PBXNativeTarget "Tests macOS" */;
			buildPhases = (
				EA59CA6127D1D2A2004D24CB /* Sources */,
				EA59CA6227D1D2A2004D24CB /* Frameworks */,
				EA59CA6327D1D2A2004D24CB /* Resources */,
			);
			buildRules = (
			);
			dependencies = (
				EA59CA6727D1D2A2004D24CB /* PBXTargetDependency */,
			);
			name = "Tests macOS";
			productName = "Tests macOS";
			productReference = EA59CA6527D1D2A2004D24CB /* Tests macOS.xctest */;
			productType = "com.apple.product-type.bundle.ui-testing";
		};
/* End PBXNativeTarget section */

/* Begin PBXProject section */
		EA59CA4027D1D29F004D24CB /* Project object */ = {
			isa = PBXProject;
			attributes = {
				BuildIndependentTargetsInParallel = 1;
				LastSwiftUpdateCheck = 1320;
				LastUpgradeCheck = 1320;
				TargetAttributes = {
					EA59CA4B27D1D2A2004D24CB = {
						CreatedOnToolsVersion = 13.2.1;
					};
					EA59CA5127D1D2A2004D24CB = {
						CreatedOnToolsVersion = 13.2.1;
					};
					EA59CA5827D1D2A2004D24CB = {
						CreatedOnToolsVersion = 13.2.1;
						TestTargetID = EA59CA4B27D1D2A2004D24CB;
					};
					EA59CA6427D1D2A2004D24CB = {
						CreatedOnToolsVersion = 13.2.1;
						TestTargetID = EA59CA5127D1D2A2004D24CB;
					};
				};
			};
			buildConfigurationList = EA59CA4327D1D29F004D24CB /* Build configuration list for PBXProject "StateNado" */;
			compatibilityVersion = "Xcode 13.0";
			developmentRegion = en;
			hasScannedForEncodings = 0;
			knownRegions = (
				en,
				Base,
			);
			mainGroup = EA59CA3F27D1D29F004D24CB;
			productRefGroup = EA59CA4D27D1D2A2004D24CB /* Products */;
			projectDirPath = "";
			projectRoot = "";
			targets = (
				EA59CA4B27D1D2A2004D24CB /* StateNado (iOS) */,
				EA59CA5127D1D2A2004D24CB /* StateNado (macOS) */,
				EA59CA5827D1D2A2004D24CB /* Tests iOS */,
				EA59CA6427D1D2A2004D24CB /* Tests macOS */,
			);
		};
/* End PBXProject section */

/* Begin PBXResourcesBuildPhase section */
		EA59CA4A27D1D2A2004D24CB /* Resources */ = {
			isa = PBXResourcesBuildPhase;
			buildActionMask = 2147483647;
			files = (
				EA59CA7127D1D2A2004D24CB /* Assets.xcassets in Resources */,
			);
			runOnlyForDeploymentPostprocessing = 0;
		};
		EA59CA5027D1D2A2004D24CB /* Resources */ = {
			isa = PBXResourcesBuildPhase;
			buildActionMask = 2147483647;
			files = (
				EA59CA7227D1D2A2004D24CB /* Assets.xcassets in Resources */,
			);
			runOnlyForDeploymentPostprocessing = 0;
		};
		EA59CA5727D1D2A2004D24CB /* Resources */ = {
			isa = PBXResourcesBuildPhase;
			buildActionMask = 2147483647;
			files = (
			);
			runOnlyForDeploymentPostprocessing = 0;
		};
		EA59CA6327D1D2A2004D24CB /* Resources */ = {
			isa = PBXResourcesBuildPhase;
			buildActionMask = 2147483647;
			files = (
			);
			runOnlyForDeploymentPostprocessing = 0;
		};
/* End PBXResourcesBuildPhase section */

/* Begin PBXSourcesBuildPhase section */
		EA59CA4827D1D2A2004D24CB /* Sources */ = {
			isa = PBXSourcesBuildPhase;
			buildActionMask = 2147483647;
			files = (
				EA59CA8227D427EE004D24CB /* Parameter.swift in Sources */,
				EA59CA6F27D1D2A2004D24CB /* ContentView.swift in Sources */,
				EA59CA8527D42814004D24CB /* SwiftUIView.swift in Sources */,
				EA59CA6D27D1D2A2004D24CB /* StateNadoApp.swift in Sources */,
			);
			runOnlyForDeploymentPostprocessing = 0;
		};
		EA59CA4E27D1D2A2004D24CB /* Sources */ = {
			isa = PBXSourcesBuildPhase;
			buildActionMask = 2147483647;
			files = (
				EA59CA8327D427EE004D24CB /* Parameter.swift in Sources */,
				EA59CA7027D1D2A2004D24CB /* ContentView.swift in Sources */,
				EA59CA8627D42814004D24CB /* SwiftUIView.swift in Sources */,
				EA59CA6E27D1D2A2004D24CB /* StateNadoApp.swift in Sources */,
			);
			runOnlyForDeploymentPostprocessing = 0;
		};
		EA59CA5527D1D2A2004D24CB /* Sources */ = {
			isa = PBXSourcesBuildPhase;
			buildActionMask = 2147483647;
			files = (
				EA59CA6027D1D2A2004D24CB /* Tests_iOSLaunchTests.swift in Sources */,
				EA59CA5E27D1D2A2004D24CB /* Tests_iOS.swift in Sources */,
			);
			runOnlyForDeploymentPostprocessing = 0;
		};
		EA59CA6127D1D2A2004D24CB /* Sources */ = {
			isa = PBXSourcesBuildPhase;
			buildActionMask = 2147483647;
			files = (
				EA59CA6C27D1D2A2004D24CB /* Tests_macOSLaunchTests.swift in Sources */,
				EA59CA6A27D1D2A2004D24CB /* Tests_macOS.swift in Sources */,
			);
			runOnlyForDeploymentPostprocessing = 0;
		};
/* End PBXSourcesBuildPhase section */

/* Begin PBXTargetDependency section */
		EA59CA5B27D1D2A2004D24CB /* PBXTargetDependency */ = {
			isa = PBXTargetDependency;
			target = EA59CA4B27D1D2A2004D24CB /* StateNado (iOS) */;
			targetProxy = EA59CA5A27D1D2A2004D24CB /* PBXContainerItemProxy */;
		};
		EA59CA6727D1D2A2004D24CB /* PBXTargetDependency */ = {
			isa = PBXTargetDependency;
			target = EA59CA5127D1D2A2004D24CB /* StateNado (macOS) */;
			targetProxy = EA59CA6627D1D2A2004D24CB /* PBXContainerItemProxy */;
		};
/* End PBXTargetDependency section */

/* Begin XCBuildConfiguration section */
		EA59CA7327D1D2A2004D24CB /* Debug */ = {
			isa = XCBuildConfiguration;
			buildSettings = {
				ALWAYS_SEARCH_USER_PATHS = NO;
				CLANG_ANALYZER_NONNULL = YES;
				CLANG_ANALYZER_NUMBER_OBJECT_CONVERSION = YES_AGGRESSIVE;
				CLANG_CXX_LANGUAGE_STANDARD = "gnu++17";
				CLANG_CXX_LIBRARY = "libc++";
				CLANG_ENABLE_MODULES = YES;
				CLANG_ENABLE_OBJC_ARC = YES;
				CLANG_ENABLE_OBJC_WEAK = YES;
				CLANG_WARN_BLOCK_CAPTURE_AUTORELEASING = YES;
				CLANG_WARN_BOOL_CONVERSION = YES;
				CLANG_WARN_COMMA = YES;
				CLANG_WARN_CONSTANT_CONVERSION = YES;
				CLANG_WARN_DEPRECATED_OBJC_IMPLEMENTATIONS = YES;
				CLANG_WARN_DIRECT_OBJC_ISA_USAGE = YES_ERROR;
				CLANG_WARN_DOCUMENTATION_COMMENTS = YES;
				CLANG_WARN_EMPTY_BODY = YES;
				CLANG_WARN_ENUM_CONVERSION = YES;
				CLANG_WARN_INFINITE_RECURSION = YES;
				CLANG_WARN_INT_CONVERSION = YES;
				CLANG_WARN_NON_LITERAL_NULL_CONVERSION = YES;
				CLANG_WARN_OBJC_IMPLICIT_RETAIN_SELF = YES;
				CLANG_WARN_OBJC_LITERAL_CONVERSION = YES;
				CLANG_WARN_OBJC_ROOT_CLASS = YES_ERROR;
				CLANG_WARN_QUOTED_INCLUDE_IN_FRAMEWORK_HEADER = YES;
				CLANG_WARN_RANGE_LOOP_ANALYSIS = YES;
				CLANG_WARN_STRICT_PROTOTYPES = YES;
				CLANG_WARN_SUSPICIOUS_MOVE = YES;
				CLANG_WARN_UNGUARDED_AVAILABILITY = YES_AGGRESSIVE;
				CLANG_WARN_UNREACHABLE_CODE = YES;
				CLANG_WARN__DUPLICATE_METHOD_MATCH = YES;
				COPY_PHASE_STRIP = NO;
				DEBUG_INFORMATION_FORMAT = dwarf;
				ENABLE_STRICT_OBJC_MSGSEND = YES;
				ENABLE_TESTABILITY = YES;
				GCC_C_LANGUAGE_STANDARD = gnu11;
				GCC_DYNAMIC_NO_PIC = NO;
				GCC_NO_COMMON_BLOCKS = YES;
				GCC_OPTIMIZATION_LEVEL = 0;
				GCC_PREPROCESSOR_DEFINITIONS = (
					"DEBUG=1",
					"$(inherited)",
				);
				GCC_WARN_64_TO_32_BIT_CONVERSION = YES;
				GCC_WARN_ABOUT_RETURN_TYPE = YES_ERROR;
				GCC_WARN_UNDECLARED_SELECTOR = YES;
				GCC_WARN_UNINITIALIZED_AUTOS = YES_AGGRESSIVE;
				GCC_WARN_UNUSED_FUNCTION = YES;
				GCC_WARN_UNUSED_VARIABLE = YES;
				MTL_ENABLE_DEBUG_INFO = INCLUDE_SOURCE;
				MTL_FAST_MATH = YES;
				ONLY_ACTIVE_ARCH = YES;
				SWIFT_ACTIVE_COMPILATION_CONDITIONS = DEBUG;
				SWIFT_OPTIMIZATION_LEVEL = "-Onone";
			};
			name = Debug;
		};
		EA59CA7427D1D2A2004D24CB /* Release */ = {
			isa = XCBuildConfiguration;
			buildSettings = {
				ALWAYS_SEARCH_USER_PATHS = NO;
				CLANG_ANALYZER_NONNULL = YES;
				CLANG_ANALYZER_NUMBER_OBJECT_CONVERSION = YES_AGGRESSIVE;
				CLANG_CXX_LANGUAGE_STANDARD = "gnu++17";
				CLANG_CXX_LIBRARY = "libc++";
				CLANG_ENABLE_MODULES = YES;
				CLANG_ENABLE_OBJC_ARC = YES;
				CLANG_ENABLE_OBJC_WEAK = YES;
				CLANG_WARN_BLOCK_CAPTURE_AUTORELEASING = YES;
				CLANG_WARN_BOOL_CONVERSION = YES;
				CLANG_WARN_COMMA = YES;
				CLANG_WARN_CONSTANT_CONVERSION = YES;
				CLANG_WARN_DEPRECATED_OBJC_IMPLEMENTATIONS = YES;
				CLANG_WARN_DIRECT_OBJC_ISA_USAGE = YES_ERROR;
				CLANG_WARN_DOCUMENTATION_COMMENTS = YES;
				CLANG_WARN_EMPTY_BODY = YES;
				CLANG_WARN_ENUM_CONVERSION = YES;
				CLANG_WARN_INFINITE_RECURSION = YES;
				CLANG_WARN_INT_CONVERSION = YES;
				CLANG_WARN_NON_LITERAL_NULL_CONVERSION = YES;
				CLANG_WARN_OBJC_IMPLICIT_RETAIN_SELF = YES;
				CLANG_WARN_OBJC_LITERAL_CONVERSION = YES;
				CLANG_WARN_OBJC_ROOT_CLASS = YES_ERROR;
				CLANG_WARN_QUOTED_INCLUDE_IN_FRAMEWORK_HEADER = YES;
				CLANG_WARN_RANGE_LOOP_ANALYSIS = YES;
				CLANG_WARN_STRICT_PROTOTYPES = YES;
				CLANG_WARN_SUSPICIOUS_MOVE = YES;
				CLANG_WARN_UNGUARDED_AVAILABILITY = YES_AGGRESSIVE;
				CLANG_WARN_UNREACHABLE_CODE = YES;
				CLANG_WARN__DUPLICATE_METHOD_MATCH = YES;
				COPY_PHASE_STRIP = NO;
				DEBUG_INFORMATION_FORMAT = "dwarf-with-dsym";
				ENABLE_NS_ASSERTIONS = NO;
				ENABLE_STRICT_OBJC_MSGSEND = YES;
				GCC_C_LANGUAGE_STANDARD = gnu11;
				GCC_NO_COMMON_BLOCKS = YES;
				GCC_WARN_64_TO_32_BIT_CONVERSION = YES;
				GCC_WARN_ABOUT_RETURN_TYPE = YES_ERROR;
				GCC_WARN_UNDECLARED_SELECTOR = YES;
				GCC_WARN_UNINITIALIZED_AUTOS = YES_AGGRESSIVE;
				GCC_WARN_UNUSED_FUNCTION = YES;
				GCC_WARN_UNUSED_VARIABLE = YES;
				MTL_ENABLE_DEBUG_INFO = NO;
				MTL_FAST_MATH = YES;
				SWIFT_COMPILATION_MODE = wholemodule;
				SWIFT_OPTIMIZATION_LEVEL = "-O";
			};
			name = Release;
		};
		EA59CA7627D1D2A2004D24CB /* Debug */ = {
			isa = XCBuildConfiguration;
			buildSettings = {
				ASSETCATALOG_COMPILER_APPICON_NAME = AppIcon;
				ASSETCATALOG_COMPILER_GLOBAL_ACCENT_COLOR_NAME = AccentColor;
				CODE_SIGN_STYLE = Automatic;
				CURRENT_PROJECT_VERSION = 1;
				ENABLE_PREVIEWS = YES;
				GENERATE_INFOPLIST_FILE = YES;
				INFOPLIST_KEY_UIApplicationSceneManifest_Generation = YES;
				INFOPLIST_KEY_UIApplicationSupportsIndirectInputEvents = YES;
				INFOPLIST_KEY_UILaunchScreen_Generation = YES;
				INFOPLIST_KEY_UISupportedInterfaceOrientations_iPad = "UIInterfaceOrientationPortrait UIInterfaceOrientationPortraitUpsideDown UIInterfaceOrientationLandscapeLeft UIInterfaceOrientationLandscapeRight";
				INFOPLIST_KEY_UISupportedInterfaceOrientations_iPhone = "UIInterfaceOrientationPortrait UIInterfaceOrientationLandscapeLeft UIInterfaceOrientationLandscapeRight";
				IPHONEOS_DEPLOYMENT_TARGET = 15.2;
				LD_RUNPATH_SEARCH_PATHS = (
					"$(inherited)",
					"@executable_path/Frameworks",
				);
				MARKETING_VERSION = 1.0;
				PRODUCT_BUNDLE_IDENTIFIER = com.tomokagemo.StateNado;
				PRODUCT_NAME = StateNado;
				SDKROOT = iphoneos;
				SWIFT_EMIT_LOC_STRINGS = YES;
				SWIFT_VERSION = 5.0;
				TARGETED_DEVICE_FAMILY = "1,2";
			};
			name = Debug;
		};
		EA59CA7727D1D2A2004D24CB /* Release */ = {
			isa = XCBuildConfiguration;
			buildSettings = {
				ASSETCATALOG_COMPILER_APPICON_NAME = AppIcon;
				ASSETCATALOG_COMPILER_GLOBAL_ACCENT_COLOR_NAME = AccentColor;
				CODE_SIGN_STYLE = Automatic;
				CURRENT_PROJECT_VERSION = 1;
				ENABLE_PREVIEWS = YES;
				GENERATE_INFOPLIST_FILE = YES;
				INFOPLIST_KEY_UIApplicationSceneManifest_Generation = YES;
				INFOPLIST_KEY_UIApplicationSupportsIndirectInputEvents = YES;
				INFOPLIST_KEY_UILaunchScreen_Generation = YES;
				INFOPLIST_KEY_UISupportedInterfaceOrientations_iPad = "UIInterfaceOrientationPortrait UIInterfaceOrientationPortraitUpsideDown UIInterfaceOrientationLandscapeLeft UIInterfaceOrientationLandscapeRight";
				INFOPLIST_KEY_UISupportedInterfaceOrientations_iPhone = "UIInterfaceOrientationPortrait UIInterfaceOrientationLandscapeLeft UIInterfaceOrientationLandscapeRight";
				IPHONEOS_DEPLOYMENT_TARGET = 15.2;
				LD_RUNPATH_SEARCH_PATHS = (
					"$(inherited)",
					"@executable_path/Frameworks",
				);
				MARKETING_VERSION = 1.0;
				PRODUCT_BUNDLE_IDENTIFIER = com.tomokagemo.StateNado;
				PRODUCT_NAME = StateNado;
				SDKROOT = iphoneos;
				SWIFT_EMIT_LOC_STRINGS = YES;
				SWIFT_VERSION = 5.0;
				TARGETED_DEVICE_FAMILY = "1,2";
				VALIDATE_PRODUCT = YES;
			};
			name = Release;
		};
		EA59CA7927D1D2A2004D24CB /* Debug */ = {
			isa = XCBuildConfiguration;
			buildSettings = {
				ASSETCATALOG_COMPILER_APPICON_NAME = AppIcon;
				ASSETCATALOG_COMPILER_GLOBAL_ACCENT_COLOR_NAME = AccentColor;
				CODE_SIGN_ENTITLEMENTS = macOS/macOS.entitlements;
				CODE_SIGN_STYLE = Automatic;
				COMBINE_HIDPI_IMAGES = YES;
				CURRENT_PROJECT_VERSION = 1;
				ENABLE_PREVIEWS = YES;
				GENERATE_INFOPLIST_FILE = YES;
				INFOPLIST_KEY_NSHumanReadableCopyright = "";
				LD_RUNPATH_SEARCH_PATHS = (
					"$(inherited)",
					"@executable_path/../Frameworks",
				);
				MACOSX_DEPLOYMENT_TARGET = 12.1;
				MARKETING_VERSION = 1.0;
				PRODUCT_BUNDLE_IDENTIFIER = com.tomokagemo.StateNado;
				PRODUCT_NAME = StateNado;
				SDKROOT = macosx;
				SWIFT_EMIT_LOC_STRINGS = YES;
				SWIFT_VERSION = 5.0;
			};
			name = Debug;
		};
		EA59CA7A27D1D2A2004D24CB /* Release */ = {
			isa = XCBuildConfiguration;
			buildSettings = {
				ASSETCATALOG_COMPILER_APPICON_NAME = AppIcon;
				ASSETCATALOG_COMPILER_GLOBAL_ACCENT_COLOR_NAME = AccentColor;
				CODE_SIGN_ENTITLEMENTS = macOS/macOS.entitlements;
				CODE_SIGN_STYLE = Automatic;
				COMBINE_HIDPI_IMAGES = YES;
				CURRENT_PROJECT_VERSION = 1;
				ENABLE_PREVIEWS = YES;
				GENERATE_INFOPLIST_FILE = YES;
				INFOPLIST_KEY_NSHumanReadableCopyright = "";
				LD_RUNPATH_SEARCH_PATHS = (
					"$(inherited)",
					"@executable_path/../Frameworks",
				);
				MACOSX_DEPLOYMENT_TARGET = 12.1;
				MARKETING_VERSION = 1.0;
				PRODUCT_BUNDLE_IDENTIFIER = com.tomokagemo.StateNado;
				PRODUCT_NAME = StateNado;
				SDKROOT = macosx;
				SWIFT_EMIT_LOC_STRINGS = YES;
				SWIFT_VERSION = 5.0;
			};
			name = Release;
		};
		EA59CA7C27D1D2A2004D24CB /* Debug */ = {
			isa = XCBuildConfiguration;
			buildSettings = {
				ALWAYS_EMBED_SWIFT_STANDARD_LIBRARIES = YES;
				CODE_SIGN_STYLE = Automatic;
				CURRENT_PROJECT_VERSION = 1;
				GENERATE_INFOPLIST_FILE = YES;
				IPHONEOS_DEPLOYMENT_TARGET = 15.2;
				MARKETING_VERSION = 1.0;
				PRODUCT_BUNDLE_IDENTIFIER = "com.tomokagemo.Tests-iOS";
				PRODUCT_NAME = "$(TARGET_NAME)";
				SDKROOT = iphoneos;
				SWIFT_EMIT_LOC_STRINGS = NO;
				SWIFT_VERSION = 5.0;
				TARGETED_DEVICE_FAMILY = "1,2";
				TEST_TARGET_NAME = "StateNado (iOS)";
			};
			name = Debug;
		};
		EA59CA7D27D1D2A2004D24CB /* Release */ = {
			isa = XCBuildConfiguration;
			buildSettings = {
				ALWAYS_EMBED_SWIFT_STANDARD_LIBRARIES = YES;
				CODE_SIGN_STYLE = Automatic;
				CURRENT_PROJECT_VERSION = 1;
				GENERATE_INFOPLIST_FILE = YES;
				IPHONEOS_DEPLOYMENT_TARGET = 15.2;
				MARKETING_VERSION = 1.0;
				PRODUCT_BUNDLE_IDENTIFIER = "com.tomokagemo.Tests-iOS";
				PRODUCT_NAME = "$(TARGET_NAME)";
				SDKROOT = iphoneos;
				SWIFT_EMIT_LOC_STRINGS = NO;
				SWIFT_VERSION = 5.0;
				TARGETED_DEVICE_FAMILY = "1,2";
				TEST_TARGET_NAME = "StateNado (iOS)";
				VALIDATE_PRODUCT = YES;
			};
			name = Release;
		};
		EA59CA7F27D1D2A2004D24CB /* Debug */ = {
			isa = XCBuildConfiguration;
			buildSettings = {
				ALWAYS_EMBED_SWIFT_STANDARD_LIBRARIES = YES;
				CODE_SIGN_STYLE = Automatic;
				CURRENT_PROJECT_VERSION = 1;
				GENERATE_INFOPLIST_FILE = YES;
				MACOSX_DEPLOYMENT_TARGET = 12.1;
				MARKETING_VERSION = 1.0;
				PRODUCT_BUNDLE_IDENTIFIER = "com.tomokagemo.Tests-macOS";
				PRODUCT_NAME = "$(TARGET_NAME)";
				SDKROOT = macosx;
				SWIFT_EMIT_LOC_STRINGS = NO;
				SWIFT_VERSION = 5.0;
				TEST_TARGET_NAME = "StateNado (macOS)";
			};
			name = Debug;
		};
		EA59CA8027D1D2A2004D24CB /* Release */ = {
			isa = XCBuildConfiguration;
			buildSettings = {
				ALWAYS_EMBED_SWIFT_STANDARD_LIBRARIES = YES;
				CODE_SIGN_STYLE = Automatic;
				CURRENT_PROJECT_VERSION = 1;
				GENERATE_INFOPLIST_FILE = YES;
				MACOSX_DEPLOYMENT_TARGET = 12.1;
				MARKETING_VERSION = 1.0;
				PRODUCT_BUNDLE_IDENTIFIER = "com.tomokagemo.Tests-macOS";
				PRODUCT_NAME = "$(TARGET_NAME)";
				SDKROOT = macosx;
				SWIFT_EMIT_LOC_STRINGS = NO;
				SWIFT_VERSION = 5.0;
				TEST_TARGET_NAME = "StateNado (macOS)";
			};
			name = Release;
		};
/* End XCBuildConfiguration section */

/* Begin XCConfigurationList section */
		EA59CA4327D1D29F004D24CB /* Build configuration list for PBXProject "StateNado" */ = {
			isa = XCConfigurationList;
			buildConfigurations = (
				EA59CA7327D1D2A2004D24CB /* Debug */,
				EA59CA7427D1D2A2004D24CB /* Release */,
			);
			defaultConfigurationIsVisible = 0;
			defaultConfigurationName = Release;
		};
		EA59CA7527D1D2A2004D24CB /* Build configuration list for PBXNativeTarget "StateNado (iOS)" */ = {
			isa = XCConfigurationList;
			buildConfigurations = (
				EA59CA7627D1D2A2004D24CB /* Debug */,
				EA59CA7727D1D2A2004D24CB /* Release */,
			);
			defaultConfigurationIsVisible = 0;
			defaultConfigurationName = Release;
		};
		EA59CA7827D1D2A2004D24CB /* Build configuration list for PBXNativeTarget "StateNado (macOS)" */ = {
			isa = XCConfigurationList;
			buildConfigurations = (
				EA59CA7927D1D2A2004D24CB /* Debug */,
				EA59CA7A27D1D2A2004D24CB /* Release */,
			);
			defaultConfigurationIsVisible = 0;
			defaultConfigurationName = Release;
		};
		EA59CA7B27D1D2A2004D24CB /* Build configuration list for PBXNativeTarget "Tests iOS" */ = {
			isa = XCConfigurationList;
			buildConfigurations = (
				EA59CA7C27D1D2A2004D24CB /* Debug */,
				EA59CA7D27D1D2A2004D24CB /* Release */,
			);
			defaultConfigurationIsVisible = 0;
			defaultConfigurationName = Release;
		};
		EA59CA7E27D1D2A2004D24CB /* Build configuration list for PBXNativeTarget "Tests macOS" */ = {
			isa = XCConfigurationList;
			buildConfigurations = (
				EA59CA7F27D1D2A2004D24CB /* Debug */,
				EA59CA8027D1D2A2004D24CB /* Release */,
			);
			defaultConfigurationIsVisible = 0;
			defaultConfigurationName = Release;
		};
/* End XCConfigurationList section */
	};
	rootObject = EA59CA4027D1D29F004D24CB /* Project object */;
}
